{
  "name": "@follenfang/wowdoc",
  "version": "0.0.3",
  "lockfileVersion": 3,
  "requires": true,
  "packages": {
    "": {
      "name": "@follenfang/wowdoc",
      "version": "0.0.3",
      "hasInstallScript": true,
      "license": "MIT",
      "bin": {
        "wowdata": "bin/wowdata.mjs",
        "wowdoc": "bin/wowdoc.mjs"
      },
      "engines": {
        "node": ">=20"
      }
    }
  }
}
