{
  "name": "@follenfang/wowdoc",
  "version": "0.0.7",
  "lockfileVersion": 3,
  "requires": true,
  "packages": {
    "": {
      "name": "@follenfang/wowdoc",
      "version": "0.0.7",
      "hasInstallScript": true,
      "license": "MIT",
      "bin": {
        "wowdoc": "bin/wowdoc.mjs"
      },
      "engines": {
        "node": ">=20"
      },
      "optionalDependencies": {
        "@follenfang/wowdoc-darwin-arm64": "0.0.7",
        "@follenfang/wowdoc-darwin-x64": "0.0.7",
        "@follenfang/wowdoc-linux-arm64": "0.0.7",
        "@follenfang/wowdoc-linux-x64": "0.0.7",
        "@follenfang/wowdoc-win32-x64": "0.0.7"
      }
    }
  }
}
